
Microsoft Visual Studio Solution File, Format Version 12.00
# Visual Studio Version 17
VisualStudioVersion = 17.7.34202.233
MinimumVisualStudioVersion = 10.0.40219.1
Project("{FAE04EC0-301F-11D3-BF4B-00C04F79EFBC}") = "BubblePuzzle", "BubblePuzzle\BubblePuzzle.csproj", "{5701BB1C-1BE8-4D1F-96B1-BBB33F561775}"
EndProject
Global
	GlobalSection(SolutionConfigurationPlatforms) = preSolution
		Debug|Any CPU = Debug|Any CPU
		Release|Any CPU = Release|Any CPU
	EndGlobalSection
	GlobalSection(ProjectConfigurationPlatforms) = postSolution
		{5701BB1C-1BE8-4D1F-96B1-BBB33F561775}.Debug|Any CPU.ActiveCfg = Debug|Any CPU
		{5701BB1C-1BE8-4D1F-96B1-BBB33F561775}.Debug|Any CPU.Build.0 = Debug|Any CPU
		{5701BB1C-1BE8-4D1F-96B1-BBB33F561775}.Release|Any CPU.ActiveCfg = Release|Any CPU
		{5701BB1C-1BE8-4D1F-96B1-BBB33F561775}.Release|Any CPU.Build.0 = Release|Any CPU
	EndGlobalSection
	GlobalSection(SolutionProperties) = preSolution
		HideSolutionNode = FALSE
	EndGlobalSection
	GlobalSection(ExtensibilityGlobals) = postSolution
		SolutionGuid = {11D6C6F6-B435-4B88-B895-38CE8B896415}
	EndGlobalSection
EndGlobal
